{
    "_readme": [
        "This file locks the dependencies of your project to a known state",
        "Read more about it at https://getcomposer.org/doc/01-basic-usage.md#installing-dependencies",
        "This file is @generated automatically"
    ],
    "content-hash": "84ca83273766716f52bdf549406c069d",
    "packages": [
        {
            "name": "jossmp/navigate",
            "version": "v1.0.3",
            "source": {
                "type": "git",
                "url": "https://gitlab.com/JossMP/navigate.git",
                "reference": "b1a0d9b2c3df8264fc0047f8728b805ff2802053"
            },
            "dist": {
                "type": "zip",
                "url": "https://gitlab.com/api/v4/projects/JossMP%2Fnavigate/repository/archive.zip?sha=b1a0d9b2c3df8264fc0047f8728b805ff2802053",
                "reference": "b1a0d9b2c3df8264fc0047f8728b805ff2802053",
                "shasum": ""
            },
            "require-dev": {
                "php": ">=5.5"
            },
            "type": "library",
            "autoload": {
                "psr-4": {
                    "jossmp\\navigate\\": "src/"
                }
            },
            "notification-url": "https://packagist.org/downloads/",
            "license": [
                "GPL-3.0-or-later"
            ],
            "authors": [
                {
                    "name": "Josue Mazco Puma",
                    "email": "jossmp@gmail.com",
                    "homepage": "https://gitlab.com/JossMP",
                    "role": "Developers"
                }
            ],
            "description": "Libreria para el uso de cURL",
            "homepage": "https://gitlab.com/JossMP/",
            "keywords": [
                "curl",
                "navigate",
                "scraping"
            ],
            "support": {
                "issues": "https://gitlab.com/api/v4/projects/15827425/issues"
            },
            "time": "2021-04-25T20:17:41+00:00"
        },
        {
            "name": "jossmp/response",
            "version": "v1.0.6",
            "source": {
                "type": "git",
                "url": "https://gitlab.com/JossMP/response.git",
                "reference": "729920fdc3f6109627e2270379cf98c5e3202f46"
            },
            "dist": {
                "type": "zip",
                "url": "https://gitlab.com/api/v4/projects/JossMP%2Fresponse/repository/archive.zip?sha=729920fdc3f6109627e2270379cf98c5e3202f46",
                "reference": "729920fdc3f6109627e2270379cf98c5e3202f46",
                "shasum": ""
            },
            "require-dev": {
                "php": ">=5.5"
            },
            "type": "library",
            "autoload": {
                "psr-4": {
                    "jossmp\\response\\": "src/"
                }
            },
            "notification-url": "https://packagist.org/downloads/",
            "license": [
                "GPL-3.0-or-later"
            ],
            "authors": [
                {
                    "name": "Josue Mazco Puma",
                    "email": "jossmp@gmail.com",
                    "homepage": "https://gitlab.com/JossMP",
                    "role": "Developers"
                }
            ],
            "description": "Convierte array en Objeto",
            "homepage": "https://gitlab.com/JossMP/",
            "keywords": [
                "Array2Object",
                "array",
                "object"
            ],
            "support": {
                "issues": "https://gitlab.com/api/v4/projects/15987639/issues"
            },
            "time": "2021-06-23T07:38:00+00:00"
        }
    ],
    "packages-dev": [],
    "aliases": [],
    "minimum-stability": "dev",
    "stability-flags": [],
    "prefer-stable": false,
    "prefer-lowest": false,
    "platform": [],
    "platform-dev": {
        "php": ">=5.4",
        "ext-curl": "*",
        "lib-curl": "*"
    },
    "plugin-api-version": "2.0.0"
}
